
Microsoft Visual Studio Solution File, Format Version 12.00
# Visual Studio Version 17
VisualStudioVersion = 17.9.34622.214
MinimumVisualStudioVersion = 10.0.40219.1
Project("{8BC9CEB8-8B4A-11D0-8D11-00A0C91BC942}") = "CommandDP", "CommandDP\CommandDP.vcxproj", "{8C0C329E-A4B8-4DB2-8411-9DD4B7639D84}"
EndProject
Global
	GlobalSection(SolutionConfigurationPlatforms) = preSolution
		Debug|x64 = Debug|x64
		Debug|x86 = Debug|x86
		Release|x64 = Release|x64
		Release|x86 = Release|x86
	EndGlobalSection
	GlobalSection(ProjectConfigurationPlatforms) = postSolution
		{8C0C329E-A4B8-4DB2-8411-9DD4B7639D84}.Debug|x64.ActiveCfg = Debug|x64
		{8C0C329E-A4B8-4DB2-8411-9DD4B7639D84}.Debug|x64.Build.0 = Debug|x64
		{8C0C329E-A4B8-4DB2-8411-9DD4B7639D84}.Debug|x86.ActiveCfg = Debug|Win32
		{8C0C329E-A4B8-4DB2-8411-9DD4B7639D84}.Debug|x86.Build.0 = Debug|Win32
		{8C0C329E-A4B8-4DB2-8411-9DD4B7639D84}.Release|x64.ActiveCfg = Release|x64
		{8C0C329E-A4B8-4DB2-8411-9DD4B7639D84}.Release|x64.Build.0 = Release|x64
		{8C0C329E-A4B8-4DB2-8411-9DD4B7639D84}.Release|x86.ActiveCfg = Release|Win32
		{8C0C329E-A4B8-4DB2-8411-9DD4B7639D84}.Release|x86.Build.0 = Release|Win32
	EndGlobalSection
	GlobalSection(SolutionProperties) = preSolution
		HideSolutionNode = FALSE
	EndGlobalSection
	GlobalSection(ExtensibilityGlobals) = postSolution
		SolutionGuid = {3D3FA681-CAEA-4568-B6A2-94289431E524}
	EndGlobalSection
EndGlobal
