<?xml version="1.0" encoding="utf-8"?>
<Project ToolsVersion="4.0" xmlns="http://schemas.microsoft.com/developer/msbuild/2003">
  <ItemGroup>
    <Filter Include="Source Files">
      <UniqueIdentifier>{4FC737F1-C7A5-4376-A066-2A32D752A2FF}</UniqueIdentifier>
      <Extensions>cpp;c;cc;cxx;c++;cppm;ixx;def;odl;idl;hpj;bat;asm;asmx</Extensions>
    </Filter>
    <Filter Include="Header Files">
      <UniqueIdentifier>{93995380-89BD-4b04-88EB-625FBE52EBFB}</UniqueIdentifier>
      <Extensions>h;hh;hpp;hxx;h++;hm;inl;inc;ipp;xsd</Extensions>
    </Filter>
    <Filter Include="Resource Files">
      <UniqueIdentifier>{67DA6AB6-F800-4c08-8B7A-83BB121AAD01}</UniqueIdentifier>
      <Extensions>rc;ico;cur;bmp;dlg;rc2;rct;bin;rgs;gif;jpg;jpeg;jpe;resx;tiff;tif;png;wav;mfcribbon-ms</Extensions>
    </Filter>
    <Filter Include="Header Files\button">
      <UniqueIdentifier>{cf6f081d-21ee-4476-ba97-ca5dfb5cbaa0}</UniqueIdentifier>
    </Filter>
    <Filter Include="Header Files\textbox">
      <UniqueIdentifier>{f5e875d1-37ba-4bac-95ef-3c8405fcd515}</UniqueIdentifier>
    </Filter>
    <Filter Include="Source Files\button">
      <UniqueIdentifier>{02b7b73c-2069-4186-9c76-69bc08679f4c}</UniqueIdentifier>
    </Filter>
    <Filter Include="Source Files\textbox">
      <UniqueIdentifier>{a0af9a98-972c-47f3-a992-87d741f8833d}</UniqueIdentifier>
    </Filter>
    <Filter Include="Header Files\factory">
      <UniqueIdentifier>{f16d4ab4-9e73-4135-ad6e-902478b99e5e}</UniqueIdentifier>
    </Filter>
    <Filter Include="Source Files\factory">
      <UniqueIdentifier>{06aa60af-f40d-4cfe-b5d6-127c8d05fe44}</UniqueIdentifier>
    </Filter>
  </ItemGroup>
  <ItemGroup>
    <ClCompile Include="main.cpp">
      <Filter>Source Files</Filter>
    </ClCompile>
    <ClCompile Include="ibutton.cpp">
      <Filter>Source Files\button</Filter>
    </ClCompile>
    <ClCompile Include="macbutton.cpp">
      <Filter>Source Files\button</Filter>
    </ClCompile>
    <ClCompile Include="winbutton.cpp">
      <Filter>Source Files\button</Filter>
    </ClCompile>
    <ClCompile Include="itextbox.cpp">
      <Filter>Source Files\textbox</Filter>
    </ClCompile>
    <ClCompile Include="mactextbox.cpp">
      <Filter>Source Files\textbox</Filter>
    </ClCompile>
    <ClCompile Include="wintextbox.cpp">
      <Filter>Source Files\textbox</Filter>
    </ClCompile>
    <ClCompile Include="ifactory.cpp">
      <Filter>Source Files\factory</Filter>
    </ClCompile>
    <ClCompile Include="macfactory.cpp">
      <Filter>Source Files\factory</Filter>
    </ClCompile>
    <ClCompile Include="winfactory.cpp">
      <Filter>Source Files\factory</Filter>
    </ClCompile>
    <ClCompile Include="GUIFactory.cpp">
      <Filter>Source Files</Filter>
    </ClCompile>
  </ItemGroup>
  <ItemGroup>
    <ClInclude Include="ibutton.h">
      <Filter>Header Files\button</Filter>
    </ClInclude>
    <ClInclude Include="macbutton.h">
      <Filter>Header Files\button</Filter>
    </ClInclude>
    <ClInclude Include="winbutton.h">
      <Filter>Header Files\button</Filter>
    </ClInclude>
    <ClInclude Include="itextbox.h">
      <Filter>Header Files\textbox</Filter>
    </ClInclude>
    <ClInclude Include="mactextbox.h">
      <Filter>Header Files\textbox</Filter>
    </ClInclude>
    <ClInclude Include="wintextbox.h">
      <Filter>Header Files\textbox</Filter>
    </ClInclude>
    <ClInclude Include="ifactory.h">
      <Filter>Header Files\factory</Filter>
    </ClInclude>
    <ClInclude Include="macfactory.h">
      <Filter>Header Files\factory</Filter>
    </ClInclude>
    <ClInclude Include="winfactory.h">
      <Filter>Header Files\factory</Filter>
    </ClInclude>
    <ClInclude Include="GUIFactory.h">
      <Filter>Header Files</Filter>
    </ClInclude>
  </ItemGroup>
</Project>